# This file is autogenerated, do not edit; changes may be undone by the next 'dep ensure'.


[[projects]]
  name = "github.com/sclevine/agouti"
  packages = [".","api","api/internal/bus","api/internal/service","internal/element","internal/target"]
  revision = "b920a9cc753368454c642011939e1d7ec58e0024"
  version = "2.0"

[solve-meta]
  analyzer-name = "dep"
  analyzer-version = 1
  inputs-digest = "86a599e8165845754c18ff52e74dc178fa326c01951d644f801adda81865f849"
  solver-name = "gps-cdcl"
  solver-version = 1
